
Microsoft Visual Studio Solution File, Format Version 12.00
# Visual Studio Version 17
VisualStudioVersion = 17.5.33424.131
MinimumVisualStudioVersion = 10.0.40219.1
Project("{FAE04EC0-301F-11D3-BF4B-00C04F79EFBC}") = "PostAPI", "PostAPI\PostAPI.csproj", "{EB268B89-EA85-47BD-87D4-92413F6A0FC7}"
EndProject
Project("{FAE04EC0-301F-11D3-BF4B-00C04F79EFBC}") = "PostsUser_Tests", "PostsUser_Tests\PostsUser_Tests.csproj", "{1B99414E-7715-4B73-923D-01A15F45CCF2}"
EndProject
Global
	GlobalSection(SolutionConfigurationPlatforms) = preSolution
		Debug|Any CPU = Debug|Any CPU
		Release|Any CPU = Release|Any CPU
	EndGlobalSection
	GlobalSection(ProjectConfigurationPlatforms) = postSolution
		{EB268B89-EA85-47BD-87D4-92413F6A0FC7}.Debug|Any CPU.ActiveCfg = Debug|Any CPU
		{EB268B89-EA85-47BD-87D4-92413F6A0FC7}.Debug|Any CPU.Build.0 = Debug|Any CPU
		{EB268B89-EA85-47BD-87D4-92413F6A0FC7}.Release|Any CPU.ActiveCfg = Release|Any CPU
		{EB268B89-EA85-47BD-87D4-92413F6A0FC7}.Release|Any CPU.Build.0 = Release|Any CPU
		{1B99414E-7715-4B73-923D-01A15F45CCF2}.Debug|Any CPU.ActiveCfg = Debug|Any CPU
		{1B99414E-7715-4B73-923D-01A15F45CCF2}.Debug|Any CPU.Build.0 = Debug|Any CPU
		{1B99414E-7715-4B73-923D-01A15F45CCF2}.Release|Any CPU.ActiveCfg = Release|Any CPU
		{1B99414E-7715-4B73-923D-01A15F45CCF2}.Release|Any CPU.Build.0 = Release|Any CPU
	EndGlobalSection
	GlobalSection(SolutionProperties) = preSolution
		HideSolutionNode = FALSE
	EndGlobalSection
	GlobalSection(ExtensibilityGlobals) = postSolution
		SolutionGuid = {B7F0ADEC-6C21-4197-B81B-FE3588895B59}
	EndGlobalSection
EndGlobal
